
Microsoft Visual Studio Solution File, Format Version 12.00
# Visual Studio Version 17
VisualStudioVersion = 17.0.31903.59
MinimumVisualStudioVersion = 10.0.40219.1
Project("{2150E333-8FDC-42A3-9474-1A3956D46DE8}") = "src", "src", "{827E0CD3-B72D-47B6-A68D-7590B98EB39B}"
EndProject
Project("{2150E333-8FDC-42A3-9474-1A3956D46DE8}") = "Application", "Application", "{22BAF98C-8415-17C4-B26A-D537657BC863}"
EndProject
Project("{FAE04EC0-301F-11D3-BF4B-00C04F79EFBC}") = "Monet.Application", "src\Application\Monet.Application\Monet.Application.csproj", "{85580D9B-A25A-4E93-B698-04AC75C794D3}"
EndProject
Project("{FAE04EC0-301F-11D3-BF4B-00C04F79EFBC}") = "Monet.Domain", "src\Application\Monet.Domain\Monet.Domain.csproj", "{543CFD14-DDDA-4C1D-BAEF-584D4889B154}"
EndProject
Project("{2150E333-8FDC-42A3-9474-1A3956D46DE8}") = "tests", "tests", "{0AB3BF05-4346-4AA6-1389-037BE0695223}"
EndProject
Project("{FAE04EC0-301F-11D3-BF4B-00C04F79EFBC}") = "Monet.Application.Tests", "tests\Monet.Application.Tests\Monet.Application.Tests.csproj", "{26CE1DB1-C7DE-4547-9C94-C0FFA78B4318}"
EndProject
Project("{FAE04EC0-301F-11D3-BF4B-00C04F79EFBC}") = "Monet.Domain.Tests", "tests\Monet.Domain.Tests\Monet.Domain.Tests.csproj", "{892A4AC0-2C43-4955-9B03-523A4A74302F}"
EndProject
Project("{2150E333-8FDC-42A3-9474-1A3956D46DE8}") = "Presenters", "Presenters", "{07E6689A-F833-8325-5F74-901EF1E35A81}"
EndProject
Project("{FAE04EC0-301F-11D3-BF4B-00C04F79EFBC}") = "Monet.WebApp", "src\Presenters\Monet.WebApp\Monet.WebApp.csproj", "{975A8AC1-66D9-4E54-9639-7A7C35B23D7C}"
EndProject
Project("{2150E333-8FDC-42A3-9474-1A3956D46DE8}") = "Infrastructures", "Infrastructures", "{704FE57B-DEE1-0577-4379-C11B895E77D2}"
EndProject
Project("{FAE04EC0-301F-11D3-BF4B-00C04F79EFBC}") = "Monet.Infrastructure.Projections.InMemory", "src\Infrastructures\Monet.Infrastructure.Projections.InMemory\Monet.Infrastructure.Projections.InMemory.csproj", "{803F1C89-E366-4169-85AA-5BC16054F052}"
EndProject
Project("{FAE04EC0-301F-11D3-BF4B-00C04F79EFBC}") = "Monet.Infrastructure.Projections.InMemory.Tests", "tests\Monet.Infrastructure.Projections.InMemory.Tests\Monet.Infrastructure.Projections.InMemory.Tests.csproj", "{0F03E35F-C3C0-4AB6-94A9-39E293FDEEAB}"
EndProject
Global
	GlobalSection(SolutionConfigurationPlatforms) = preSolution
		Debug|Any CPU = Debug|Any CPU
		Debug|x64 = Debug|x64
		Debug|x86 = Debug|x86
		Release|Any CPU = Release|Any CPU
		Release|x64 = Release|x64
		Release|x86 = Release|x86
	EndGlobalSection
	GlobalSection(ProjectConfigurationPlatforms) = postSolution
		{85580D9B-A25A-4E93-B698-04AC75C794D3}.Debug|Any CPU.ActiveCfg = Debug|Any CPU
		{85580D9B-A25A-4E93-B698-04AC75C794D3}.Debug|Any CPU.Build.0 = Debug|Any CPU
		{85580D9B-A25A-4E93-B698-04AC75C794D3}.Debug|x64.ActiveCfg = Debug|Any CPU
		{85580D9B-A25A-4E93-B698-04AC75C794D3}.Debug|x64.Build.0 = Debug|Any CPU
		{85580D9B-A25A-4E93-B698-04AC75C794D3}.Debug|x86.ActiveCfg = Debug|Any CPU
		{85580D9B-A25A-4E93-B698-04AC75C794D3}.Debug|x86.Build.0 = Debug|Any CPU
		{85580D9B-A25A-4E93-B698-04AC75C794D3}.Release|Any CPU.ActiveCfg = Release|Any CPU
		{85580D9B-A25A-4E93-B698-04AC75C794D3}.Release|Any CPU.Build.0 = Release|Any CPU
		{85580D9B-A25A-4E93-B698-04AC75C794D3}.Release|x64.ActiveCfg = Release|Any CPU
		{85580D9B-A25A-4E93-B698-04AC75C794D3}.Release|x64.Build.0 = Release|Any CPU
		{85580D9B-A25A-4E93-B698-04AC75C794D3}.Release|x86.ActiveCfg = Release|Any CPU
		{85580D9B-A25A-4E93-B698-04AC75C794D3}.Release|x86.Build.0 = Release|Any CPU
		{543CFD14-DDDA-4C1D-BAEF-584D4889B154}.Debug|Any CPU.ActiveCfg = Debug|Any CPU
		{543CFD14-DDDA-4C1D-BAEF-584D4889B154}.Debug|Any CPU.Build.0 = Debug|Any CPU
		{543CFD14-DDDA-4C1D-BAEF-584D4889B154}.Debug|x64.ActiveCfg = Debug|Any CPU
		{543CFD14-DDDA-4C1D-BAEF-584D4889B154}.Debug|x64.Build.0 = Debug|Any CPU
		{543CFD14-DDDA-4C1D-BAEF-584D4889B154}.Debug|x86.ActiveCfg = Debug|Any CPU
		{543CFD14-DDDA-4C1D-BAEF-584D4889B154}.Debug|x86.Build.0 = Debug|Any CPU
		{543CFD14-DDDA-4C1D-BAEF-584D4889B154}.Release|Any CPU.ActiveCfg = Release|Any CPU
		{543CFD14-DDDA-4C1D-BAEF-584D4889B154}.Release|Any CPU.Build.0 = Release|Any CPU
		{543CFD14-DDDA-4C1D-BAEF-584D4889B154}.Release|x64.ActiveCfg = Release|Any CPU
		{543CFD14-DDDA-4C1D-BAEF-584D4889B154}.Release|x64.Build.0 = Release|Any CPU
		{543CFD14-DDDA-4C1D-BAEF-584D4889B154}.Release|x86.ActiveCfg = Release|Any CPU
		{543CFD14-DDDA-4C1D-BAEF-584D4889B154}.Release|x86.Build.0 = Release|Any CPU
		{26CE1DB1-C7DE-4547-9C94-C0FFA78B4318}.Debug|Any CPU.ActiveCfg = Debug|Any CPU
		{26CE1DB1-C7DE-4547-9C94-C0FFA78B4318}.Debug|Any CPU.Build.0 = Debug|Any CPU
		{26CE1DB1-C7DE-4547-9C94-C0FFA78B4318}.Debug|x64.ActiveCfg = Debug|Any CPU
		{26CE1DB1-C7DE-4547-9C94-C0FFA78B4318}.Debug|x64.Build.0 = Debug|Any CPU
		{26CE1DB1-C7DE-4547-9C94-C0FFA78B4318}.Debug|x86.ActiveCfg = Debug|Any CPU
		{26CE1DB1-C7DE-4547-9C94-C0FFA78B4318}.Debug|x86.Build.0 = Debug|Any CPU
		{26CE1DB1-C7DE-4547-9C94-C0FFA78B4318}.Release|Any CPU.ActiveCfg = Release|Any CPU
		{26CE1DB1-C7DE-4547-9C94-C0FFA78B4318}.Release|Any CPU.Build.0 = Release|Any CPU
		{26CE1DB1-C7DE-4547-9C94-C0FFA78B4318}.Release|x64.ActiveCfg = Release|Any CPU
		{26CE1DB1-C7DE-4547-9C94-C0FFA78B4318}.Release|x64.Build.0 = Release|Any CPU
		{26CE1DB1-C7DE-4547-9C94-C0FFA78B4318}.Release|x86.ActiveCfg = Release|Any CPU
		{26CE1DB1-C7DE-4547-9C94-C0FFA78B4318}.Release|x86.Build.0 = Release|Any CPU
		{892A4AC0-2C43-4955-9B03-523A4A74302F}.Debug|Any CPU.ActiveCfg = Debug|Any CPU
		{892A4AC0-2C43-4955-9B03-523A4A74302F}.Debug|Any CPU.Build.0 = Debug|Any CPU
		{892A4AC0-2C43-4955-9B03-523A4A74302F}.Debug|x64.ActiveCfg = Debug|Any CPU
		{892A4AC0-2C43-4955-9B03-523A4A74302F}.Debug|x64.Build.0 = Debug|Any CPU
		{892A4AC0-2C43-4955-9B03-523A4A74302F}.Debug|x86.ActiveCfg = Debug|Any CPU
		{892A4AC0-2C43-4955-9B03-523A4A74302F}.Debug|x86.Build.0 = Debug|Any CPU
		{892A4AC0-2C43-4955-9B03-523A4A74302F}.Release|Any CPU.ActiveCfg = Release|Any CPU
		{892A4AC0-2C43-4955-9B03-523A4A74302F}.Release|Any CPU.Build.0 = Release|Any CPU
		{892A4AC0-2C43-4955-9B03-523A4A74302F}.Release|x64.ActiveCfg = Release|Any CPU
		{892A4AC0-2C43-4955-9B03-523A4A74302F}.Release|x64.Build.0 = Release|Any CPU
		{892A4AC0-2C43-4955-9B03-523A4A74302F}.Release|x86.ActiveCfg = Release|Any CPU
		{892A4AC0-2C43-4955-9B03-523A4A74302F}.Release|x86.Build.0 = Release|Any CPU
		{975A8AC1-66D9-4E54-9639-7A7C35B23D7C}.Debug|Any CPU.ActiveCfg = Debug|Any CPU
		{975A8AC1-66D9-4E54-9639-7A7C35B23D7C}.Debug|Any CPU.Build.0 = Debug|Any CPU
		{975A8AC1-66D9-4E54-9639-7A7C35B23D7C}.Debug|x64.ActiveCfg = Debug|Any CPU
		{975A8AC1-66D9-4E54-9639-7A7C35B23D7C}.Debug|x64.Build.0 = Debug|Any CPU
		{975A8AC1-66D9-4E54-9639-7A7C35B23D7C}.Debug|x86.ActiveCfg = Debug|Any CPU
		{975A8AC1-66D9-4E54-9639-7A7C35B23D7C}.Debug|x86.Build.0 = Debug|Any CPU
		{975A8AC1-66D9-4E54-9639-7A7C35B23D7C}.Release|Any CPU.ActiveCfg = Release|Any CPU
		{975A8AC1-66D9-4E54-9639-7A7C35B23D7C}.Release|Any CPU.Build.0 = Release|Any CPU
		{975A8AC1-66D9-4E54-9639-7A7C35B23D7C}.Release|x64.ActiveCfg = Release|Any CPU
		{975A8AC1-66D9-4E54-9639-7A7C35B23D7C}.Release|x64.Build.0 = Release|Any CPU
		{975A8AC1-66D9-4E54-9639-7A7C35B23D7C}.Release|x86.ActiveCfg = Release|Any CPU
		{975A8AC1-66D9-4E54-9639-7A7C35B23D7C}.Release|x86.Build.0 = Release|Any CPU
		{803F1C89-E366-4169-85AA-5BC16054F052}.Debug|Any CPU.ActiveCfg = Debug|Any CPU
		{803F1C89-E366-4169-85AA-5BC16054F052}.Debug|Any CPU.Build.0 = Debug|Any CPU
		{803F1C89-E366-4169-85AA-5BC16054F052}.Debug|x64.ActiveCfg = Debug|Any CPU
		{803F1C89-E366-4169-85AA-5BC16054F052}.Debug|x64.Build.0 = Debug|Any CPU
		{803F1C89-E366-4169-85AA-5BC16054F052}.Debug|x86.ActiveCfg = Debug|Any CPU
		{803F1C89-E366-4169-85AA-5BC16054F052}.Debug|x86.Build.0 = Debug|Any CPU
		{803F1C89-E366-4169-85AA-5BC16054F052}.Release|Any CPU.ActiveCfg = Release|Any CPU
		{803F1C89-E366-4169-85AA-5BC16054F052}.Release|Any CPU.Build.0 = Release|Any CPU
		{803F1C89-E366-4169-85AA-5BC16054F052}.Release|x64.ActiveCfg = Release|Any CPU
		{803F1C89-E366-4169-85AA-5BC16054F052}.Release|x64.Build.0 = Release|Any CPU
		{803F1C89-E366-4169-85AA-5BC16054F052}.Release|x86.ActiveCfg = Release|Any CPU
		{803F1C89-E366-4169-85AA-5BC16054F052}.Release|x86.Build.0 = Release|Any CPU
		{0F03E35F-C3C0-4AB6-94A9-39E293FDEEAB}.Debug|Any CPU.ActiveCfg = Debug|Any CPU
		{0F03E35F-C3C0-4AB6-94A9-39E293FDEEAB}.Debug|Any CPU.Build.0 = Debug|Any CPU
		{0F03E35F-C3C0-4AB6-94A9-39E293FDEEAB}.Debug|x64.ActiveCfg = Debug|Any CPU
		{0F03E35F-C3C0-4AB6-94A9-39E293FDEEAB}.Debug|x64.Build.0 = Debug|Any CPU
		{0F03E35F-C3C0-4AB6-94A9-39E293FDEEAB}.Debug|x86.ActiveCfg = Debug|Any CPU
		{0F03E35F-C3C0-4AB6-94A9-39E293FDEEAB}.Debug|x86.Build.0 = Debug|Any CPU
		{0F03E35F-C3C0-4AB6-94A9-39E293FDEEAB}.Release|Any CPU.ActiveCfg = Release|Any CPU
		{0F03E35F-C3C0-4AB6-94A9-39E293FDEEAB}.Release|Any CPU.Build.0 = Release|Any CPU
		{0F03E35F-C3C0-4AB6-94A9-39E293FDEEAB}.Release|x64.ActiveCfg = Release|Any CPU
		{0F03E35F-C3C0-4AB6-94A9-39E293FDEEAB}.Release|x64.Build.0 = Release|Any CPU
		{0F03E35F-C3C0-4AB6-94A9-39E293FDEEAB}.Release|x86.ActiveCfg = Release|Any CPU
		{0F03E35F-C3C0-4AB6-94A9-39E293FDEEAB}.Release|x86.Build.0 = Release|Any CPU
	EndGlobalSection
	GlobalSection(SolutionProperties) = preSolution
		HideSolutionNode = FALSE
	EndGlobalSection
	GlobalSection(NestedProjects) = preSolution
		{22BAF98C-8415-17C4-B26A-D537657BC863} = {827E0CD3-B72D-47B6-A68D-7590B98EB39B}
		{85580D9B-A25A-4E93-B698-04AC75C794D3} = {22BAF98C-8415-17C4-B26A-D537657BC863}
		{543CFD14-DDDA-4C1D-BAEF-584D4889B154} = {22BAF98C-8415-17C4-B26A-D537657BC863}
		{26CE1DB1-C7DE-4547-9C94-C0FFA78B4318} = {0AB3BF05-4346-4AA6-1389-037BE0695223}
		{892A4AC0-2C43-4955-9B03-523A4A74302F} = {0AB3BF05-4346-4AA6-1389-037BE0695223}
		{07E6689A-F833-8325-5F74-901EF1E35A81} = {827E0CD3-B72D-47B6-A68D-7590B98EB39B}
		{975A8AC1-66D9-4E54-9639-7A7C35B23D7C} = {07E6689A-F833-8325-5F74-901EF1E35A81}
		{704FE57B-DEE1-0577-4379-C11B895E77D2} = {827E0CD3-B72D-47B6-A68D-7590B98EB39B}
		{803F1C89-E366-4169-85AA-5BC16054F052} = {704FE57B-DEE1-0577-4379-C11B895E77D2}
		{0F03E35F-C3C0-4AB6-94A9-39E293FDEEAB} = {0AB3BF05-4346-4AA6-1389-037BE0695223}
	EndGlobalSection
EndGlobal
